// !$*UTF8*$!
{
	archiveVersion = 1;
	classes = {
	};
	objectVersion = 46;
	objects = {

/* Begin PBXFileReference section */
		BF106A341B122724003C50A3 /* .DS_Store */ = {isa = PBXFileReference; lastKnownFileType = file; path = .DS_Store; sourceTree = "<group>"; };
		BF106A351B122724003C50A3 /* .config */ = {isa = PBXFileReference; lastKnownFileType = text; path = .config; sourceTree = "<group>"; };
		BF106A361B122724003C50A3 /* .config.old */ = {isa = PBXFileReference; lastKnownFileType = text; path = .config.old; sourceTree = "<group>"; };
		BF106A371B122724003C50A3 /* .git */ = {isa = PBXFileReference; lastKnownFileType = folder; path = .git; sourceTree = "<group>"; };
		BF106A381B122724003C50A3 /* .gitignore */ = {isa = PBXFileReference; lastKnownFileType = text; path = .gitignore; sourceTree = "<group>"; };
		BF106A391B122724003C50A3 /* .mailmap */ = {isa = PBXFileReference; lastKnownFileType = text; path = .mailmap; sourceTree = "<group>"; };
		BF106A3A1B122724003C50A3 /* .missing-syscalls.d */ = {isa = PBXFileReference; lastKnownFileType = sourcecode.dtrace; path = ".missing-syscalls.d"; sourceTree = "<group>"; };
		BF106A3B1B122724003C50A3 /* .tmp_versions */ = {isa = PBXFileReference; lastKnownFileType = folder; path = .tmp_versions; sourceTree = "<group>"; };
		BF106A3C1B122724003C50A3 /* .version */ = {isa = PBXFileReference; lastKnownFileType = text; path = .version; sourceTree = "<group>"; };
		BF106A3D1B122724003C50A3 /* COPYING */ = {isa = PBXFileReference; lastKnownFileType = text; path = COPYING; sourceTree = "<group>"; };
		BF106A3E1B122724003C50A3 /* CREDITS */ = {isa = PBXFileReference; lastKnownFileType = text; path = CREDITS; sourceTree = "<group>"; };
		BF106A3F1B122724003C50A3 /* Documentation */ = {isa = PBXFileReference; lastKnownFileType = folder; path = Documentation; sourceTree = "<group>"; };
		BF106A401B122724003C50A3 /* Kbuild */ = {isa = PBXFileReference; lastKnownFileType = text; path = Kbuild; sourceTree = "<group>"; };
		BF106A411B122724003C50A3 /* Kconfig */ = {isa = PBXFileReference; lastKnownFileType = text; path = Kconfig; sourceTree = "<group>"; };
		BF106A421B122724003C50A3 /* MAINTAINERS */ = {isa = PBXFileReference; lastKnownFileType = text; path = MAINTAINERS; sourceTree = "<group>"; };
		BF106A431B122724003C50A3 /* Makefile */ = {isa = PBXFileReference; lastKnownFileType = sourcecode.make; path = Makefile; sourceTree = "<group>"; };
		BF106A441B122724003C50A3 /* README */ = {isa = PBXFileReference; lastKnownFileType = text; path = README; sourceTree = "<group>"; };
		BF106A451B122724003C50A3 /* REPORTING-BUGS */ = {isa = PBXFileReference; lastKnownFileType = text; path = "REPORTING-BUGS"; sourceTree = "<group>"; };
		BF106A461B122724003C50A3 /* arch */ = {isa = PBXFileReference; lastKnownFileType = folder; path = arch; sourceTree = "<group>"; };
		BF106A471B122724003C50A3 /* block */ = {isa = PBXFileReference; lastKnownFileType = folder; path = block; sourceTree = "<group>"; };
		BF106A481B122724003C50A3 /* crypto */ = {isa = PBXFileReference; lastKnownFileType = folder; path = crypto; sourceTree = "<group>"; };
		BF106A491B122724003C50A3 /* drivers */ = {isa = PBXFileReference; lastKnownFileType = folder; path = drivers; sourceTree = "<group>"; };
		BF106A4A1B122724003C50A3 /* edm-cf-imx6_defconfig */ = {isa = PBXFileReference; lastKnownFileType = text; path = "edm-cf-imx6_defconfig"; sourceTree = "<group>"; };
		BF106A4B1B122724003C50A3 /* firmware */ = {isa = PBXFileReference; lastKnownFileType = folder; path = firmware; sourceTree = "<group>"; };
		BF106A4C1B122724003C50A3 /* fs */ = {isa = PBXFileReference; lastKnownFileType = folder; path = fs; sourceTree = "<group>"; };
		BF106A4D1B122724003C50A3 /* include */ = {isa = PBXFileReference; lastKnownFileType = folder; path = include; sourceTree = "<group>"; };
		BF106A4E1B122724003C50A3 /* init */ = {isa = PBXFileReference; lastKnownFileType = folder; path = init; sourceTree = "<group>"; };
		BF106A4F1B122724003C50A3 /* ipc */ = {isa = PBXFileReference; lastKnownFileType = folder; path = ipc; sourceTree = "<group>"; };
		BF106A501B122724003C50A3 /* kernel */ = {isa = PBXFileReference; lastKnownFileType = folder; path = kernel; sourceTree = "<group>"; };
		BF106A511B122724003C50A3 /* lib */ = {isa = PBXFileReference; lastKnownFileType = folder; path = lib; sourceTree = "<group>"; };
		BF106A521B122724003C50A3 /* mm */ = {isa = PBXFileReference; lastKnownFileType = folder; path = mm; sourceTree = "<group>"; };
		BF106A531B122724003C50A3 /* modules.builtin */ = {isa = PBXFileReference; lastKnownFileType = text; path = modules.builtin; sourceTree = "<group>"; };
		BF106A541B122724003C50A3 /* modules.order */ = {isa = PBXFileReference; lastKnownFileType = text; path = modules.order; sourceTree = "<group>"; };
		BF106A551B122724003C50A3 /* net */ = {isa = PBXFileReference; lastKnownFileType = folder; path = net; sourceTree = "<group>"; };
		BF106A561B122724003C50A3 /* samples */ = {isa = PBXFileReference; lastKnownFileType = folder; path = samples; sourceTree = "<group>"; };
		BF106A571B122724003C50A3 /* scripts */ = {isa = PBXFileReference; lastKnownFileType = folder; path = scripts; sourceTree = "<group>"; };
		BF106A581B122724003C50A3 /* security */ = {isa = PBXFileReference; lastKnownFileType = folder; path = security; sourceTree = "<group>"; };
		BF106A591B122724003C50A3 /* sound */ = {isa = PBXFileReference; lastKnownFileType = folder; path = sound; sourceTree = "<group>"; };
		BF106A5A1B122724003C50A3 /* tools */ = {isa = PBXFileReference; lastKnownFileType = folder; path = tools; sourceTree = "<group>"; };
		BF106A5B1B122724003C50A3 /* usr */ = {isa = PBXFileReference; lastKnownFileType = folder; path = usr; sourceTree = "<group>"; };
		BF106A5C1B122724003C50A3 /* virt */ = {isa = PBXFileReference; lastKnownFileType = folder; path = virt; sourceTree = "<group>"; };
		BF106A5D1B122724003C50A3 /* xenomai-3.0-rc4 */ = {isa = PBXFileReference; lastKnownFileType = folder; path = "xenomai-3.0-rc4"; sourceTree = "<group>"; };
/* End PBXFileReference section */

/* Begin PBXGroup section */
		BF106A2E1B122724003C50A3 = {
			isa = PBXGroup;
			children = (
				BF106A341B122724003C50A3 /* .DS_Store */,
				BF106A351B122724003C50A3 /* .config */,
				BF106A361B122724003C50A3 /* .config.old */,
				BF106A371B122724003C50A3 /* .git */,
				BF106A381B122724003C50A3 /* .gitignore */,
				BF106A391B122724003C50A3 /* .mailmap */,
				BF106A3A1B122724003C50A3 /* .missing-syscalls.d */,
				BF106A3B1B122724003C50A3 /* .tmp_versions */,
				BF106A3C1B122724003C50A3 /* .version */,
				BF106A3D1B122724003C50A3 /* COPYING */,
				BF106A3E1B122724003C50A3 /* CREDITS */,
				BF106A3F1B122724003C50A3 /* Documentation */,
				BF106A401B122724003C50A3 /* Kbuild */,
				BF106A411B122724003C50A3 /* Kconfig */,
				BF106A421B122724003C50A3 /* MAINTAINERS */,
				BF106A431B122724003C50A3 /* Makefile */,
				BF106A441B122724003C50A3 /* README */,
				BF106A451B122724003C50A3 /* REPORTING-BUGS */,
				BF106A461B122724003C50A3 /* arch */,
				BF106A471B122724003C50A3 /* block */,
				BF106A481B122724003C50A3 /* crypto */,
				BF106A491B122724003C50A3 /* drivers */,
				BF106A4A1B122724003C50A3 /* edm-cf-imx6_defconfig */,
				BF106A4B1B122724003C50A3 /* firmware */,
				BF106A4C1B122724003C50A3 /* fs */,
				BF106A4D1B122724003C50A3 /* include */,
				BF106A4E1B122724003C50A3 /* init */,
				BF106A4F1B122724003C50A3 /* ipc */,
				BF106A501B122724003C50A3 /* kernel */,
				BF106A511B122724003C50A3 /* lib */,
				BF106A521B122724003C50A3 /* mm */,
				BF106A531B122724003C50A3 /* modules.builtin */,
				BF106A541B122724003C50A3 /* modules.order */,
				BF106A551B122724003C50A3 /* net */,
				BF106A561B122724003C50A3 /* samples */,
				BF106A571B122724003C50A3 /* scripts */,
				BF106A581B122724003C50A3 /* security */,
				BF106A591B122724003C50A3 /* sound */,
				BF106A5A1B122724003C50A3 /* tools */,
				BF106A5B1B122724003C50A3 /* usr */,
				BF106A5C1B122724003C50A3 /* virt */,
				BF106A5D1B122724003C50A3 /* xenomai-3.0-rc4 */,
			);
			sourceTree = "<group>";
		};
/* End PBXGroup section */

/* Begin PBXLegacyTarget section */
		BF106A331B122724003C50A3 /* linux */ = {
			isa = PBXLegacyTarget;
			buildArgumentsString = "$(ACTION)";
			buildConfigurationList = BF106A5E1B122724003C50A3 /* Build configuration list for PBXLegacyTarget "linux" */;
			buildPhases = (
			);
			buildToolPath = /usr/bin/make;
			buildWorkingDirectory = /Volumes/Repositories/vagrant/github/linux;
			dependencies = (
			);
			name = linux;
			passBuildSettingsInEnvironment = 1;
			productName = linux;
		};
/* End PBXLegacyTarget section */

/* Begin PBXProject section */
		BF106A2F1B122724003C50A3 /* Project object */ = {
			isa = PBXProject;
			attributes = {
				LastUpgradeCheck = 0630;
			};
			buildConfigurationList = BF106A321B122724003C50A3 /* Build configuration list for PBXProject "linux" */;
			compatibilityVersion = "Xcode 3.2";
			developmentRegion = English;
			hasScannedForEncodings = 0;
			knownRegions = (
				en,
			);
			mainGroup = BF106A2E1B122724003C50A3;
			projectDirPath = "";
			projectRoot = "";
			targets = (
				BF106A331B122724003C50A3 /* linux */,
			);
		};
/* End PBXProject section */

/* Begin XCBuildConfiguration section */
		BF106A301B122724003C50A3 /* Debug */ = {
			isa = XCBuildConfiguration;
			buildSettings = {
				COPY_PHASE_STRIP = NO;
				GCC_WARN_ABOUT_RETURN_TYPE = YES;
				GCC_WARN_UNUSED_VARIABLE = YES;
				ONLY_ACTIVE_ARCH = YES;
				SDKROOT = macosx;
			};
			name = Debug;
		};
		BF106A311B122724003C50A3 /* Release */ = {
			isa = XCBuildConfiguration;
			buildSettings = {
				COPY_PHASE_STRIP = YES;
				GCC_WARN_ABOUT_RETURN_TYPE = YES;
				GCC_WARN_UNUSED_VARIABLE = YES;
				SDKROOT = macosx;
			};
			name = Release;
		};
		BF106A5F1B122724003C50A3 /* Debug */ = {
			isa = XCBuildConfiguration;
			buildSettings = {
				COPY_PHASE_STRIP = NO;
				DEBUGGING_SYMBOLS = YES;
				GCC_DYNAMIC_NO_PIC = NO;
				GCC_GENERATE_DEBUGGING_SYMBOLS = YES;
				GCC_OPTIMIZATION_LEVEL = 0;
				OTHER_CFLAGS = "";
				OTHER_LDFLAGS = "";
				PRODUCT_NAME = linux;
			};
			name = Debug;
		};
		BF106A601B122724003C50A3 /* Release */ = {
			isa = XCBuildConfiguration;
			buildSettings = {
				COPY_PHASE_STRIP = YES;
				DEBUG_INFORMATION_FORMAT = "dwarf-with-dsym";
				OTHER_CFLAGS = "";
				OTHER_LDFLAGS = "";
				PRODUCT_NAME = linux;
			};
			name = Release;
		};
/* End XCBuildConfiguration section */

/* Begin XCConfigurationList section */
		BF106A321B122724003C50A3 /* Build configuration list for PBXProject "linux" */ = {
			isa = XCConfigurationList;
			buildConfigurations = (
				BF106A301B122724003C50A3 /* Debug */,
				BF106A311B122724003C50A3 /* Release */,
			);
			defaultConfigurationIsVisible = 0;
			defaultConfigurationName = Release;
		};
		BF106A5E1B122724003C50A3 /* Build configuration list for PBXLegacyTarget "linux" */ = {
			isa = XCConfigurationList;
			buildConfigurations = (
				BF106A5F1B122724003C50A3 /* Debug */,
				BF106A601B122724003C50A3 /* Release */,
			);
			defaultConfigurationIsVisible = 0;
			defaultConfigurationName = Release;
		};
/* End XCConfigurationList section */
	};
	rootObject = BF106A2F1B122724003C50A3 /* Project object */;
}
